// !$*UTF8*$!
{
	archiveVersion = 1;
	classes = {
	};
	objectVersion = 56;
	objects = {

/* Begin PBXBuildFile section */
		6C5CDC792B03926E003CF707 /* MyMapApp.swift in Sources */ = {isa = PBXBuildFile; fileRef = 6C5CDC782B03926E003CF707 /* MyMapApp.swift */; };
		6C5CDC7B2B03926E003CF707 /* ContentView.swift in Sources */ = {isa = PBXBuildFile; fileRef = 6C5CDC7A2B03926E003CF707 /* ContentView.swift */; };
		6C5CDC7D2B039271003CF707 /* Assets.xcassets in Resources */ = {isa = PBXBuildFile; fileRef = 6C5CDC7C2B039271003CF707 /* Assets.xcassets */; };
		6C5CDC802B039271003CF707 /* Preview Assets.xcassets in Resources */ = {isa = PBXBuildFile; fileRef = 6C5CDC7F2B039271003CF707 /* Preview Assets.xcassets */; };
		6C5CDC8A2B039272003CF707 /* MyMapTests.swift in Sources */ = {isa = PBXBuildFile; fileRef = 6C5CDC892B039272003CF707 /* MyMapTests.swift */; };
		6C5CDC942B039272003CF707 /* MyMapUITests.swift in Sources */ = {isa = PBXBuildFile; fileRef = 6C5CDC932B039272003CF707 /* MyMapUITests.swift */; };
		6C5CDC962B039272003CF707 /* MyMapUITestsLaunchTests.swift in Sources */ = {isa = PBXBuildFile; fileRef = 6C5CDC952B039272003CF707 /* MyMapUITestsLaunchTests.swift */; };
/* End PBXBuildFile section */

/* Begin PBXContainerItemProxy section */
		6C5CDC862B039272003CF707 /* PBXContainerItemProxy */ = {
			isa = PBXContainerItemProxy;
			containerPortal = 6C5CDC6D2B03926E003CF707 /* Project object */;
			proxyType = 1;
			remoteGlobalIDString = 6C5CDC742B03926E003CF707;
			remoteInfo = MyMap;
		};
		6C5CDC902B039272003CF707 /* PBXContainerItemProxy */ = {
			isa = PBXContainerItemProxy;
			containerPortal = 6C5CDC6D2B03926E003CF707 /* Project object */;
			proxyType = 1;
			remoteGlobalIDString = 6C5CDC742B03926E003CF707;
			remoteInfo = MyMap;
		};
/* End PBXContainerItemProxy section */

/* Begin PBXFileReference section */
		6C5CDC752B03926E003CF707 /* MyMap.app */ = {isa = PBXFileReference; explicitFileType = wrapper.application; includeInIndex = 0; path = MyMap.app; sourceTree = BUILT_PRODUCTS_DIR; };
		6C5CDC782B03926E003CF707 /* MyMapApp.swift */ = {isa = PBXFileReference; lastKnownFileType = sourcecode.swift; path = MyMapApp.swift; sourceTree = "<group>"; };
		6C5CDC7A2B03926E003CF707 /* ContentView.swift */ = {isa = PBXFileReference; lastKnownFileType = sourcecode.swift; path = ContentView.swift; sourceTree = "<group>"; };
		6C5CDC7C2B039271003CF707 /* Assets.xcassets */ = {isa = PBXFileReference; lastKnownFileType = folder.assetcatalog; path = Assets.xcassets; sourceTree = "<group>"; };
		6C5CDC7F2B039271003CF707 /* Preview Assets.xcassets */ = {isa = PBXFileReference; lastKnownFileType = folder.assetcatalog; path = "Preview Assets.xcassets"; sourceTree = "<group>"; };
		6C5CDC852B039272003CF707 /* MyMapTests.xctest */ = {isa = PBXFileReference; explicitFileType = wrapper.cfbundle; includeInIndex = 0; path = MyMapTests.xctest; sourceTree = BUILT_PRODUCTS_DIR; };
		6C5CDC892B039272003CF707 /* MyMapTests.swift */ = {isa = PBXFileReference; lastKnownFileType = sourcecode.swift; path = MyMapTests.swift; sourceTree = "<group>"; };
		6C5CDC8F2B039272003CF707 /* MyMapUITests.xctest */ = {isa = PBXFileReference; explicitFileType = wrapper.cfbundle; includeInIndex = 0; path = MyMapUITests.xctest; sourceTree = BUILT_PRODUCTS_DIR; };
		6C5CDC932B039272003CF707 /* MyMapUITests.swift */ = {isa = PBXFileReference; lastKnownFileType = sourcecode.swift; path = MyMapUITests.swift; sourceTree = "<group>"; };
		6C5CDC952B039272003CF707 /* MyMapUITestsLaunchTests.swift */ = {isa = PBXFileReference; lastKnownFileType = sourcecode.swift; path = MyMapUITestsLaunchTests.swift; sourceTree = "<group>"; };
/* End PBXFileReference section */

/* Begin PBXFrameworksBuildPhase section */
		6C5CDC722B03926E003CF707 /* Frameworks */ = {
			isa = PBXFrameworksBuildPhase;
			buildActionMask = 2147483647;
			files = (
			);
			runOnlyForDeploymentPostprocessing = 0;
		};
		6C5CDC822B039272003CF707 /* Frameworks */ = {
			isa = PBXFrameworksBuildPhase;
			buildActionMask = 2147483647;
			files = (
			);
			runOnlyForDeploymentPostprocessing = 0;
		};
		6C5CDC8C2B039272003CF707 /* Frameworks */ = {
			isa = PBXFrameworksBuildPhase;
			buildActionMask = 2147483647;
			files = (
			);
			runOnlyForDeploymentPostprocessing = 0;
		};
/* End PBXFrameworksBuildPhase section */

/* Begin PBXGroup section */
		6C5CDC6C2B03926E003CF707 = {
			isa = PBXGroup;
			children = (
				6C5CDC772B03926E003CF707 /* MyMap */,
				6C5CDC882B039272003CF707 /* MyMapTests */,
				6C5CDC922B039272003CF707 /* MyMapUITests */,
				6C5CDC762B03926E003CF707 /* Products */,
			);
			sourceTree = "<group>";
		};
		6C5CDC762B03926E003CF707 /* Products */ = {
			isa = PBXGroup;
			children = (
				6C5CDC752B03926E003CF707 /* MyMap.app */,
				6C5CDC852B039272003CF707 /* MyMapTests.xctest */,
				6C5CDC8F2B039272003CF707 /* MyMapUITests.xctest */,
			);
			name = Products;
			sourceTree = "<group>";
		};
		6C5CDC772B03926E003CF707 /* MyMap */ = {
			isa = PBXGroup;
			children = (
				6C5CDC782B03926E003CF707 /* MyMapApp.swift */,
				6C5CDC7A2B03926E003CF707 /* ContentView.swift */,
				6C5CDC7C2B039271003CF707 /* Assets.xcassets */,
				6C5CDC7E2B039271003CF707 /* Preview Content */,
			);
			path = MyMap;
			sourceTree = "<group>";
		};
		6C5CDC7E2B039271003CF707 /* Preview Content */ = {
			isa = PBXGroup;
			children = (
				6C5CDC7F2B039271003CF707 /* Preview Assets.xcassets */,
			);
			path = "Preview Content";
			sourceTree = "<group>";
		};
		6C5CDC882B039272003CF707 /* MyMapTests */ = {
			isa = PBXGroup;
			children = (
				6C5CDC892B039272003CF707 /* MyMapTests.swift */,
			);
			path = MyMapTests;
			sourceTree = "<group>";
		};
		6C5CDC922B039272003CF707 /* MyMapUITests */ = {
			isa = PBXGroup;
			children = (
				6C5CDC932B039272003CF707 /* MyMapUITests.swift */,
				6C5CDC952B039272003CF707 /* MyMapUITestsLaunchTests.swift */,
			);
			path = MyMapUITests;
			sourceTree = "<group>";
		};
/* End PBXGroup section */

/* Begin PBXNativeTarget section */
		6C5CDC742B03926E003CF707 /* MyMap */ = {
			isa = PBXNativeTarget;
			buildConfigurationList = 6C5CDC992B039272003CF707 /* Build configuration list for PBXNativeTarget "MyMap" */;
			buildPhases = (
				6C5CDC712B03926E003CF707 /* Sources */,
				6C5CDC722B03926E003CF707 /* Frameworks */,
				6C5CDC732B03926E003CF707 /* Resources */,
			);
			buildRules = (
			);
			dependencies = (
			);
			name = MyMap;
			productName = MyMap;
			productReference = 6C5CDC752B03926E003CF707 /* MyMap.app */;
			productType = "com.apple.product-type.application";
		};
		6C5CDC842B039272003CF707 /* MyMapTests */ = {
			isa = PBXNativeTarget;
			buildConfigurationList = 6C5CDC9C2B039272003CF707 /* Build configuration list for PBXNativeTarget "MyMapTests" */;
			buildPhases = (
				6C5CDC812B039272003CF707 /* Sources */,
				6C5CDC822B039272003CF707 /* Frameworks */,
				6C5CDC832B039272003CF707 /* Resources */,
			);
			buildRules = (
			);
			dependencies = (
				6C5CDC872B039272003CF707 /* PBXTargetDependency */,
			);
			name = MyMapTests;
			productName = MyMapTests;
			productReference = 6C5CDC852B039272003CF707 /* MyMapTests.xctest */;
			productType = "com.apple.product-type.bundle.unit-test";
		};
		6C5CDC8E2B039272003CF707 /* MyMapUITests */ = {
			isa = PBXNativeTarget;
			buildConfigurationList = 6C5CDC9F2B039272003CF707 /* Build configuration list for PBXNativeTarget "MyMapUITests" */;
			buildPhases = (
				6C5CDC8B2B039272003CF707 /* Sources */,
				6C5CDC8C2B039272003CF707 /* Frameworks */,
				6C5CDC8D2B039272003CF707 /* Resources */,
			);
			buildRules = (
			);
			dependencies = (
				6C5CDC912B039272003CF707 /* PBXTargetDependency */,
			);
			name = MyMapUITests;
			productName = MyMapUITests;
			productReference = 6C5CDC8F2B039272003CF707 /* MyMapUITests.xctest */;
			productType = "com.apple.product-type.bundle.ui-testing";
		};
/* End PBXNativeTarget section */

/* Begin PBXProject section */
		6C5CDC6D2B03926E003CF707 /* Project object */ = {
			isa = PBXProject;
			attributes = {
				BuildIndependentTargetsInParallel = 1;
				LastSwiftUpdateCheck = 1500;
				LastUpgradeCheck = 1500;
				TargetAttributes = {
					6C5CDC742B03926E003CF707 = {
						CreatedOnToolsVersion = 15.0.1;
					};
					6C5CDC842B039272003CF707 = {
						CreatedOnToolsVersion = 15.0.1;
						TestTargetID = 6C5CDC742B03926E003CF707;
					};
					6C5CDC8E2B039272003CF707 = {
						CreatedOnToolsVersion = 15.0.1;
						TestTargetID = 6C5CDC742B03926E003CF707;
					};
				};
			};
			buildConfigurationList = 6C5CDC702B03926E003CF707 /* Build configuration list for PBXProject "MyMap" */;
			compatibilityVersion = "Xcode 14.0";
			developmentRegion = en;
			hasScannedForEncodings = 0;
			knownRegions = (
				en,
				Base,
			);
			mainGroup = 6C5CDC6C2B03926E003CF707;
			productRefGroup = 6C5CDC762B03926E003CF707 /* Products */;
			projectDirPath = "";
			projectRoot = "";
			targets = (
				6C5CDC742B03926E003CF707 /* MyMap */,
				6C5CDC842B039272003CF707 /* MyMapTests */,
				6C5CDC8E2B039272003CF707 /* MyMapUITests */,
			);
		};
/* End PBXProject section */

/* Begin PBXResourcesBuildPhase section */
		6C5CDC732B03926E003CF707 /* Resources */ = {
			isa = PBXResourcesBuildPhase;
			buildActionMask = 2147483647;
			files = (
				6C5CDC802B039271003CF707 /* Preview Assets.xcassets in Resources */,
				6C5CDC7D2B039271003CF707 /* Assets.xcassets in Resources */,
			);
			runOnlyForDeploymentPostprocessing = 0;
		};
		6C5CDC832B039272003CF707 /* Resources */ = {
			isa = PBXResourcesBuildPhase;
			buildActionMask = 2147483647;
			files = (
			);
			runOnlyForDeploymentPostprocessing = 0;
		};
		6C5CDC8D2B039272003CF707 /* Resources */ = {
			isa = PBXResourcesBuildPhase;
			buildActionMask = 2147483647;
			files = (
			);
			runOnlyForDeploymentPostprocessing = 0;
		};
/* End PBXResourcesBuildPhase section */

/* Begin PBXSourcesBuildPhase section */
		6C5CDC712B03926E003CF707 /* Sources */ = {
			isa = PBXSourcesBuildPhase;
			buildActionMask = 2147483647;
			files = (
				6C5CDC7B2B03926E003CF707 /* ContentView.swift in Sources */,
				6C5CDC792B03926E003CF707 /* MyMapApp.swift in Sources */,
			);
			runOnlyForDeploymentPostprocessing = 0;
		};
		6C5CDC812B039272003CF707 /* Sources */ = {
			isa = PBXSourcesBuildPhase;
			buildActionMask = 2147483647;
			files = (
				6C5CDC8A2B039272003CF707 /* MyMapTests.swift in Sources */,
			);
			runOnlyForDeploymentPostprocessing = 0;
		};
		6C5CDC8B2B039272003CF707 /* Sources */ = {
			isa = PBXSourcesBuildPhase;
			buildActionMask = 2147483647;
			files = (
				6C5CDC942B039272003CF707 /* MyMapUITests.swift in Sources */,
				6C5CDC962B039272003CF707 /* MyMapUITestsLaunchTests.swift in Sources */,
			);
			runOnlyForDeploymentPostprocessing = 0;
		};
/* End PBXSourcesBuildPhase section */

/* Begin PBXTargetDependency section */
		6C5CDC872B039272003CF707 /* PBXTargetDependency */ = {
			isa = PBXTargetDependency;
			target = 6C5CDC742B03926E003CF707 /* MyMap */;
			targetProxy = 6C5CDC862B039272003CF707 /* PBXContainerItemProxy */;
		};
		6C5CDC912B039272003CF707 /* PBXTargetDependency */ = {
			isa = PBXTargetDependency;
			target = 6C5CDC742B03926E003CF707 /* MyMap */;
			targetProxy = 6C5CDC902B039272003CF707 /* PBXContainerItemProxy */;
		};
/* End PBXTargetDependency section */

/* Begin XCBuildConfiguration section */
		6C5CDC972B039272003CF707 /* Debug */ = {
			isa = XCBuildConfiguration;
			buildSettings = {
				ALWAYS_SEARCH_USER_PATHS = NO;
				ASSETCATALOG_COMPILER_GENERATE_SWIFT_ASSET_SYMBOL_EXTENSIONS = YES;
				CLANG_ANALYZER_NONNULL = YES;
				CLANG_ANALYZER_NUMBER_OBJECT_CONVERSION = YES_AGGRESSIVE;
				CLANG_CXX_LANGUAGE_STANDARD = "gnu++20";
				CLANG_ENABLE_MODULES = YES;
				CLANG_ENABLE_OBJC_ARC = YES;
				CLANG_ENABLE_OBJC_WEAK = YES;
				CLANG_WARN_BLOCK_CAPTURE_AUTORELEASING = YES;
				CLANG_WARN_BOOL_CONVERSION = YES;
				CLANG_WARN_COMMA = YES;
				CLANG_WARN_CONSTANT_CONVERSION = YES;
				CLANG_WARN_DEPRECATED_OBJC_IMPLEMENTATIONS = YES;
				CLANG_WARN_DIRECT_OBJC_ISA_USAGE = YES_ERROR;
				CLANG_WARN_DOCUMENTATION_COMMENTS = YES;
				CLANG_WARN_EMPTY_BODY = YES;
				CLANG_WARN_ENUM_CONVERSION = YES;
				CLANG_WARN_INFINITE_RECURSION = YES;
				CLANG_WARN_INT_CONVERSION = YES;
				CLANG_WARN_NON_LITERAL_NULL_CONVERSION = YES;
				CLANG_WARN_OBJC_IMPLICIT_RETAIN_SELF = YES;
				CLANG_WARN_OBJC_LITERAL_CONVERSION = YES;
				CLANG_WARN_OBJC_ROOT_CLASS = YES_ERROR;
				CLANG_WARN_QUOTED_INCLUDE_IN_FRAMEWORK_HEADER = YES;
				CLANG_WARN_RANGE_LOOP_ANALYSIS = YES;
				CLANG_WARN_STRICT_PROTOTYPES = YES;
				CLANG_WARN_SUSPICIOUS_MOVE = YES;
				CLANG_WARN_UNGUARDED_AVAILABILITY = YES_AGGRESSIVE;
				CLANG_WARN_UNREACHABLE_CODE = YES;
				CLANG_WARN__DUPLICATE_METHOD_MATCH = YES;
				COPY_PHASE_STRIP = NO;
				DEBUG_INFORMATION_FORMAT = dwarf;
				ENABLE_STRICT_OBJC_MSGSEND = YES;
				ENABLE_TESTABILITY = YES;
				ENABLE_USER_SCRIPT_SANDBOXING = YES;
				GCC_C_LANGUAGE_STANDARD = gnu17;
				GCC_DYNAMIC_NO_PIC = NO;
				GCC_NO_COMMON_BLOCKS = YES;
				GCC_OPTIMIZATION_LEVEL = 0;
				GCC_PREPROCESSOR_DEFINITIONS = (
					"DEBUG=1",
					"$(inherited)",
				);
				GCC_WARN_64_TO_32_BIT_CONVERSION = YES;
				GCC_WARN_ABOUT_RETURN_TYPE = YES_ERROR;
				GCC_WARN_UNDECLARED_SELECTOR = YES;
				GCC_WARN_UNINITIALIZED_AUTOS = YES_AGGRESSIVE;
				GCC_WARN_UNUSED_FUNCTION = YES;
				GCC_WARN_UNUSED_VARIABLE = YES;
				IPHONEOS_DEPLOYMENT_TARGET = 17.0;
				LOCALIZATION_PREFERS_STRING_CATALOGS = YES;
				MTL_ENABLE_DEBUG_INFO = INCLUDE_SOURCE;
				MTL_FAST_MATH = YES;
				ONLY_ACTIVE_ARCH = YES;
				SDKROOT = iphoneos;
				SWIFT_ACTIVE_COMPILATION_CONDITIONS = "DEBUG $(inherited)";
				SWIFT_OPTIMIZATION_LEVEL = "-Onone";
			};
			name = Debug;
		};
		6C5CDC982B039272003CF707 /* Release */ = {
			isa = XCBuildConfiguration;
			buildSettings = {
				ALWAYS_SEARCH_USER_PATHS = NO;
				ASSETCATALOG_COMPILER_GENERATE_SWIFT_ASSET_SYMBOL_EXTENSIONS = YES;
				CLANG_ANALYZER_NONNULL = YES;
				CLANG_ANALYZER_NUMBER_OBJECT_CONVERSION = YES_AGGRESSIVE;
				CLANG_CXX_LANGUAGE_STANDARD = "gnu++20";
				CLANG_ENABLE_MODULES = YES;
				CLANG_ENABLE_OBJC_ARC = YES;
				CLANG_ENABLE_OBJC_WEAK = YES;
				CLANG_WARN_BLOCK_CAPTURE_AUTORELEASING = YES;
				CLANG_WARN_BOOL_CONVERSION = YES;
				CLANG_WARN_COMMA = YES;
				CLANG_WARN_CONSTANT_CONVERSION = YES;
				CLANG_WARN_DEPRECATED_OBJC_IMPLEMENTATIONS = YES;
				CLANG_WARN_DIRECT_OBJC_ISA_USAGE = YES_ERROR;
				CLANG_WARN_DOCUMENTATION_COMMENTS = YES;
				CLANG_WARN_EMPTY_BODY = YES;
				CLANG_WARN_ENUM_CONVERSION = YES;
				CLANG_WARN_INFINITE_RECURSION = YES;
				CLANG_WARN_INT_CONVERSION = YES;
				CLANG_WARN_NON_LITERAL_NULL_CONVERSION = YES;
				CLANG_WARN_OBJC_IMPLICIT_RETAIN_SELF = YES;
				CLANG_WARN_OBJC_LITERAL_CONVERSION = YES;
				CLANG_WARN_OBJC_ROOT_CLASS = YES_ERROR;
				CLANG_WARN_QUOTED_INCLUDE_IN_FRAMEWORK_HEADER = YES;
				CLANG_WARN_RANGE_LOOP_ANALYSIS = YES;
				CLANG_WARN_STRICT_PROTOTYPES = YES;
				CLANG_WARN_SUSPICIOUS_MOVE = YES;
				CLANG_WARN_UNGUARDED_AVAILABILITY = YES_AGGRESSIVE;
				CLANG_WARN_UNREACHABLE_CODE = YES;
				CLANG_WARN__DUPLICATE_METHOD_MATCH = YES;
				COPY_PHASE_STRIP = NO;
				DEBUG_INFORMATION_FORMAT = "dwarf-with-dsym";
				ENABLE_NS_ASSERTIONS = NO;
				ENABLE_STRICT_OBJC_MSGSEND = YES;
				ENABLE_USER_SCRIPT_SANDBOXING = YES;
				GCC_C_LANGUAGE_STANDARD = gnu17;
				GCC_NO_COMMON_BLOCKS = YES;
				GCC_WARN_64_TO_32_BIT_CONVERSION = YES;
				GCC_WARN_ABOUT_RETURN_TYPE = YES_ERROR;
				GCC_WARN_UNDECLARED_SELECTOR = YES;
				GCC_WARN_UNINITIALIZED_AUTOS = YES_AGGRESSIVE;
				GCC_WARN_UNUSED_FUNCTION = YES;
				GCC_WARN_UNUSED_VARIABLE = YES;
				IPHONEOS_DEPLOYMENT_TARGET = 17.0;
				LOCALIZATION_PREFERS_STRING_CATALOGS = YES;
				MTL_ENABLE_DEBUG_INFO = NO;
				MTL_FAST_MATH = YES;
				SDKROOT = iphoneos;
				SWIFT_COMPILATION_MODE = wholemodule;
				VALIDATE_PRODUCT = YES;
			};
			name = Release;
		};
		6C5CDC9A2B039272003CF707 /* Debug */ = {
			isa = XCBuildConfiguration;
			buildSettings = {
				ASSETCATALOG_COMPILER_APPICON_NAME = AppIcon;
				ASSETCATALOG_COMPILER_GLOBAL_ACCENT_COLOR_NAME = AccentColor;
				CODE_SIGN_STYLE = Automatic;
				CURRENT_PROJECT_VERSION = 1;
				DEVELOPMENT_ASSET_PATHS = "\"MyMap/Preview Content\"";
				DEVELOPMENT_TEAM = Q8GX8982TK;
				ENABLE_PREVIEWS = YES;
				GENERATE_INFOPLIST_FILE = YES;
				INFOPLIST_KEY_UIApplicationSceneManifest_Generation = YES;
				INFOPLIST_KEY_UIApplicationSupportsIndirectInputEvents = YES;
				INFOPLIST_KEY_UILaunchScreen_Generation = YES;
				INFOPLIST_KEY_UISupportedInterfaceOrientations_iPad = "UIInterfaceOrientationPortrait UIInterfaceOrientationPortraitUpsideDown UIInterfaceOrientationLandscapeLeft UIInterfaceOrientationLandscapeRight";
				INFOPLIST_KEY_UISupportedInterfaceOrientations_iPhone = "UIInterfaceOrientationPortrait UIInterfaceOrientationLandscapeLeft UIInterfaceOrientationLandscapeRight";
				LD_RUNPATH_SEARCH_PATHS = (
					"$(inherited)",
					"@executable_path/Frameworks",
				);
				MARKETING_VERSION = 1.0;
				PRODUCT_BUNDLE_IDENTIFIER = "Swift-Biginners-Book.MyMap";
				PRODUCT_NAME = "$(TARGET_NAME)";
				SWIFT_EMIT_LOC_STRINGS = YES;
				SWIFT_VERSION = 5.0;
				TARGETED_DEVICE_FAMILY = "1,2";
			};
			name = Debug;
		};
		6C5CDC9B2B039272003CF707 /* Release */ = {
			isa = XCBuildConfiguration;
			buildSettings = {
				ASSETCATALOG_COMPILER_APPICON_NAME = AppIcon;
				ASSETCATALOG_COMPILER_GLOBAL_ACCENT_COLOR_NAME = AccentColor;
				CODE_SIGN_STYLE = Automatic;
				CURRENT_PROJECT_VERSION = 1;
				DEVELOPMENT_ASSET_PATHS = "\"MyMap/Preview Content\"";
				DEVELOPMENT_TEAM = Q8GX8982TK;
				ENABLE_PREVIEWS = YES;
				GENERATE_INFOPLIST_FILE = YES;
				INFOPLIST_KEY_UIApplicationSceneManifest_Generation = YES;
				INFOPLIST_KEY_UIApplicationSupportsIndirectInputEvents = YES;
				INFOPLIST_KEY_UILaunchScreen_Generation = YES;
				INFOPLIST_KEY_UISupportedInterfaceOrientations_iPad = "UIInterfaceOrientationPortrait UIInterfaceOrientationPortraitUpsideDown UIInterfaceOrientationLandscapeLeft UIInterfaceOrientationLandscapeRight";
				INFOPLIST_KEY_UISupportedInterfaceOrientations_iPhone = "UIInterfaceOrientationPortrait UIInterfaceOrientationLandscapeLeft UIInterfaceOrientationLandscapeRight";
				LD_RUNPATH_SEARCH_PATHS = (
					"$(inherited)",
					"@executable_path/Frameworks",
				);
				MARKETING_VERSION = 1.0;
				PRODUCT_BUNDLE_IDENTIFIER = "Swift-Biginners-Book.MyMap";
				PRODUCT_NAME = "$(TARGET_NAME)";
				SWIFT_EMIT_LOC_STRINGS = YES;
				SWIFT_VERSION = 5.0;
				TARGETED_DEVICE_FAMILY = "1,2";
			};
			name = Release;
		};
		6C5CDC9D2B039272003CF707 /* Debug */ = {
			isa = XCBuildConfiguration;
			buildSettings = {
				ALWAYS_EMBED_SWIFT_STANDARD_LIBRARIES = YES;
				BUNDLE_LOADER = "$(TEST_HOST)";
				CODE_SIGN_STYLE = Automatic;
				CURRENT_PROJECT_VERSION = 1;
				DEVELOPMENT_TEAM = Q8GX8982TK;
				GENERATE_INFOPLIST_FILE = YES;
				IPHONEOS_DEPLOYMENT_TARGET = 17.0;
				MARKETING_VERSION = 1.0;
				PRODUCT_BUNDLE_IDENTIFIER = "Swift-Biginners-Book.MyMapTests";
				PRODUCT_NAME = "$(TARGET_NAME)";
				SWIFT_EMIT_LOC_STRINGS = NO;
				SWIFT_VERSION = 5.0;
				TARGETED_DEVICE_FAMILY = "1,2";
				TEST_HOST = "$(BUILT_PRODUCTS_DIR)/MyMap.app/$(BUNDLE_EXECUTABLE_FOLDER_PATH)/MyMap";
			};
			name = Debug;
		};
		6C5CDC9E2B039272003CF707 /* Release */ = {
			isa = XCBuildConfiguration;
			buildSettings = {
				ALWAYS_EMBED_SWIFT_STANDARD_LIBRARIES = YES;
				BUNDLE_LOADER = "$(TEST_HOST)";
				CODE_SIGN_STYLE = Automatic;
				CURRENT_PROJECT_VERSION = 1;
				DEVELOPMENT_TEAM = Q8GX8982TK;
				GENERATE_INFOPLIST_FILE = YES;
				IPHONEOS_DEPLOYMENT_TARGET = 17.0;
				MARKETING_VERSION = 1.0;
				PRODUCT_BUNDLE_IDENTIFIER = "Swift-Biginners-Book.MyMapTests";
				PRODUCT_NAME = "$(TARGET_NAME)";
				SWIFT_EMIT_LOC_STRINGS = NO;
				SWIFT_VERSION = 5.0;
				TARGETED_DEVICE_FAMILY = "1,2";
				TEST_HOST = "$(BUILT_PRODUCTS_DIR)/MyMap.app/$(BUNDLE_EXECUTABLE_FOLDER_PATH)/MyMap";
			};
			name = Release;
		};
		6C5CDCA02B039272003CF707 /* Debug */ = {
			isa = XCBuildConfiguration;
			buildSettings = {
				ALWAYS_EMBED_SWIFT_STANDARD_LIBRARIES = YES;
				CODE_SIGN_STYLE = Automatic;
				CURRENT_PROJECT_VERSION = 1;
				DEVELOPMENT_TEAM = Q8GX8982TK;
				GENERATE_INFOPLIST_FILE = YES;
				MARKETING_VERSION = 1.0;
				PRODUCT_BUNDLE_IDENTIFIER = "Swift-Biginners-Book.MyMapUITests";
				PRODUCT_NAME = "$(TARGET_NAME)";
				SWIFT_EMIT_LOC_STRINGS = NO;
				SWIFT_VERSION = 5.0;
				TARGETED_DEVICE_FAMILY = "1,2";
				TEST_TARGET_NAME = MyMap;
			};
			name = Debug;
		};
		6C5CDCA12B039272003CF707 /* Release */ = {
			isa = XCBuildConfiguration;
			buildSettings = {
				ALWAYS_EMBED_SWIFT_STANDARD_LIBRARIES = YES;
				CODE_SIGN_STYLE = Automatic;
				CURRENT_PROJECT_VERSION = 1;
				DEVELOPMENT_TEAM = Q8GX8982TK;
				GENERATE_INFOPLIST_FILE = YES;
				MARKETING_VERSION = 1.0;
				PRODUCT_BUNDLE_IDENTIFIER = "Swift-Biginners-Book.MyMapUITests";
				PRODUCT_NAME = "$(TARGET_NAME)";
				SWIFT_EMIT_LOC_STRINGS = NO;
				SWIFT_VERSION = 5.0;
				TARGETED_DEVICE_FAMILY = "1,2";
				TEST_TARGET_NAME = MyMap;
			};
			name = Release;
		};
/* End XCBuildConfiguration section */

/* Begin XCConfigurationList section */
		6C5CDC702B03926E003CF707 /* Build configuration list for PBXProject "MyMap" */ = {
			isa = XCConfigurationList;
			buildConfigurations = (
				6C5CDC972B039272003CF707 /* Debug */,
				6C5CDC982B039272003CF707 /* Release */,
			);
			defaultConfigurationIsVisible = 0;
			defaultConfigurationName = Release;
		};
		6C5CDC992B039272003CF707 /* Build configuration list for PBXNativeTarget "MyMap" */ = {
			isa = XCConfigurationList;
			buildConfigurations = (
				6C5CDC9A2B039272003CF707 /* Debug */,
				6C5CDC9B2B039272003CF707 /* Release */,
			);
			defaultConfigurationIsVisible = 0;
			defaultConfigurationName = Release;
		};
		6C5CDC9C2B039272003CF707 /* Build configuration list for PBXNativeTarget "MyMapTests" */ = {
			isa = XCConfigurationList;
			buildConfigurations = (
				6C5CDC9D2B039272003CF707 /* Debug */,
				6C5CDC9E2B039272003CF707 /* Release */,
			);
			defaultConfigurationIsVisible = 0;
			defaultConfigurationName = Release;
		};
		6C5CDC9F2B039272003CF707 /* Build configuration list for PBXNativeTarget "MyMapUITests" */ = {
			isa = XCConfigurationList;
			buildConfigurations = (
				6C5CDCA02B039272003CF707 /* Debug */,
				6C5CDCA12B039272003CF707 /* Release */,
			);
			defaultConfigurationIsVisible = 0;
			defaultConfigurationName = Release;
		};
/* End XCConfigurationList section */
	};
	rootObject = 6C5CDC6D2B03926E003CF707 /* Project object */;
}
